// !$*UTF8*$!
{
  archiveVersion = 1;
  classes = {};
  objectVersion = 56;
  objects = {

/* Begin PBXBuildFile section */
    AAAAAA111111111100000001 /* SamplesIOSAppApp.swift in Sources */ = {isa = PBXBuildFile; fileRef = AAAAAA111111111100000011 /* SamplesIOSAppApp.swift */; };
    AAAAAA111111111100000002 /* ContentView.swift in Sources */ = {isa = PBXBuildFile; fileRef = AAAAAA111111111100000012 /* ContentView.swift */; };
    AAAAAA111111111100000003 /* ShowcaseLib.xcframework in Frameworks */ = {isa = PBXBuildFile; fileRef = AAAAAA111111111100000020 /* ShowcaseLib.xcframework */; };
    AAAAAA111111111100000004 /* ShowcaseLib.xcframework in Embed Frameworks */ = {isa = PBXBuildFile; fileRef = AAAAAA111111111100000020 /* ShowcaseLib.xcframework */; settings = {ATTRIBUTES = (CodeSignOnCopy, RemoveHeadersOnCopy, ); };};
/* End PBXBuildFile section */

/* Begin PBXCopyFilesBuildPhase section */
    AAAAAA111111111100000030 /* Embed Frameworks */ = {
      isa = PBXCopyFilesBuildPhase;
      buildActionMask = 2147483647;
      dstPath = "";
      dstSubfolderSpec = 10;
      files = (
        AAAAAA111111111100000004 /* ShowcaseLib.xcframework in Embed Frameworks */,
      );
      name = "Embed Frameworks";
      runOnlyForDeploymentPostprocessing = 0;
    };
/* End PBXCopyFilesBuildPhase section */

/* Begin PBXFileReference section */
    AAAAAA111111111100000010 /* Info.plist */ = {isa = PBXFileReference; lastKnownFileType = text.plist.xml; path = Info.plist; sourceTree = "<group>"; };
    AAAAAA111111111100000011 /* SamplesIOSAppApp.swift */ = {isa = PBXFileReference; lastKnownFileType = sourcecode.swift; path = SamplesIOSAppApp.swift; sourceTree = "<group>"; };
    AAAAAA111111111100000012 /* ContentView.swift */ = {isa = PBXFileReference; lastKnownFileType = sourcecode.swift; path = ContentView.swift; sourceTree = "<group>"; };
    AAAAAA111111111100000020 /* ShowcaseLib.xcframework */ = {isa = PBXFileReference; lastKnownFileType = wrapper.xcframework; name = ShowcaseLib.xcframework; path = "../showcase-lib/build/XCFrameworks/release/ShowcaseLib.xcframework"; sourceTree = "<group>"; };
    AAAAAA111111111100000099 /* SamplesIOSApp.app */ = {isa = PBXFileReference; explicitFileType = wrapper.application; includeInIndex = 0; path = SamplesIOSApp.app; sourceTree = BUILT_PRODUCTS_DIR; };
/* End PBXFileReference section */

/* Begin PBXFrameworksBuildPhase section */
    AAAAAA111111111100000040 /* Frameworks */ = {
      isa = PBXFrameworksBuildPhase;
      buildActionMask = 2147483647;
      files = (
        AAAAAA111111111100000003 /* ShowcaseLib.xcframework in Frameworks */,
      );
      runOnlyForDeploymentPostprocessing = 0;
    };
/* End PBXFrameworksBuildPhase section */

/* Begin PBXGroup section */
    AAAAAA111111111100000050 = {
      isa = PBXGroup;
      children = (
        AAAAAA111111111100000060 /* Sources */,
        AAAAAA111111111100000070 /* Frameworks */,
        AAAAAA111111111100000080 /* Products */,
      );
      sourceTree = "<group>";
    };
    AAAAAA111111111100000060 /* Sources */ = {
      isa = PBXGroup;
      children = (
        AAAAAA111111111100000010 /* Info.plist */,
        AAAAAA111111111100000011 /* SamplesIOSAppApp.swift */,
        AAAAAA111111111100000012 /* ContentView.swift */,
      );
      path = Sources;
      sourceTree = "<group>";
    };
    AAAAAA111111111100000070 /* Frameworks */ = {
      isa = PBXGroup;
      children = (
        AAAAAA111111111100000020 /* ShowcaseLib.xcframework */,
      );
      name = Frameworks;
      sourceTree = "<group>";
    };
    AAAAAA111111111100000080 /* Products */ = {
      isa = PBXGroup;
      children = (
        AAAAAA111111111100000099 /* SamplesIOSApp.app */,
      );
      name = Products;
      sourceTree = "<group>";
    };
/* End PBXGroup section */

/* Begin PBXNativeTarget section */
    AAAAAA111111111100000090 /* SamplesIOSApp */ = {
      isa = PBXNativeTarget;
      buildConfigurationList = AAAAAA1111111111000000F0 /* Build configuration list for PBXNativeTarget "SamplesIOSApp" */;
      buildPhases = (
        AAAAAA1111111111000000A0 /* Sources */,
        AAAAAA111111111100000040 /* Frameworks */,
        AAAAAA111111111100000030 /* Embed Frameworks */,
      );
      buildRules = ( );
      dependencies = ( );
      name = SamplesIOSApp;
      productName = SamplesIOSApp;
      productReference = AAAAAA111111111100000099 /* SamplesIOSApp.app */;
      productType = "com.apple.product-type.application";
    };
/* End PBXNativeTarget section */

/* Begin PBXProject section */
    AAAAAA1111111111000000B0 /* Project object */ = {
      isa = PBXProject;
      attributes = {
        LastSwiftUpdateCheck = 1500;
        LastUpgradeCheck = 1500;
        TargetAttributes = {
          AAAAAA111111111100000090 = {
            DevelopmentTeam = "";
          };
        };
      };
      buildConfigurationList = AAAAAA1111111111000000E0 /* Build configuration list for PBXProject "SamplesIOSApp" */;
      compatibilityVersion = "Xcode 14.0";
      developmentRegion = en;
      hasScannedForEncodings = 0;
      knownRegions = ( en );
      mainGroup = AAAAAA111111111100000050;
      productRefGroup = AAAAAA111111111100000080 /* Products */;
      projectDirPath = "";
      projectRoot = "";
      targets = ( AAAAAA111111111100000090 /* SamplesIOSApp */ );
    };
/* End PBXProject section */

/* Begin PBXSourcesBuildPhase section */
    AAAAAA1111111111000000A0 /* Sources */ = {
      isa = PBXSourcesBuildPhase;
      buildActionMask = 2147483647;
      files = (
        AAAAAA111111111100000001 /* SamplesIOSAppApp.swift in Sources */,
        AAAAAA111111111100000002 /* ContentView.swift in Sources */,
      );
      runOnlyForDeploymentPostprocessing = 0;
    };
/* End PBXSourcesBuildPhase section */

/* Begin XCBuildConfiguration section */
    AAAAAA1111111111000000C0 /* Debug */ = {
      isa = XCBuildConfiguration;
      buildSettings = {
        ALWAYS_SEARCH_USER_PATHS = NO;
        CLANG_ANALYZER_NONNULL = YES;
        CLANG_CXX_LANGUAGE_STANDARD = "gnu++17";
        CLANG_ENABLE_MODULES = YES;
        CLANG_ENABLE_OBJC_ARC = YES;
        CLANG_WARN_BLOCK_CAPTURE_AUTORELEASING = YES;
        CLANG_WARN_BOOL_CONVERSION = YES;
        CLANG_WARN_COMMA = YES;
        CLANG_WARN_CONSTANT_CONVERSION = YES;
        CLANG_WARN_DEPRECATED_OBJC_IMPLEMENTATIONS = YES;
        CLANG_WARN_DIRECT_OBJC_ISA_USAGE = YES_ERROR;
        CLANG_WARN_EMPTY_BODY = YES;
        CLANG_WARN_ENUM_CONVERSION = YES;
        CLANG_WARN_INFINITE_RECURSION = YES;
        CLANG_WARN_INT_CONVERSION = YES;
        CLANG_WARN_NON_LITERAL_NULL_CONVERSION = YES;
        CLANG_WARN_OBJC_LITERAL_CONVERSION = YES;
        CLANG_WARN_OBJC_ROOT_CLASS = YES_ERROR;
        CLANG_WARN_RANGE_LOOP_ANALYSIS = YES;
        CLANG_WARN_STRICT_PROTOTYPES = YES;
        CLANG_WARN_SUSPICIOUS_MOVE = YES;
        CLANG_WARN_UNREACHABLE_CODE = YES;
        CLANG_WARN__DUPLICATE_METHOD_MATCH = YES;
        ENABLE_STRICT_OBJC_MSGSEND = YES;
        ENABLE_TESTABILITY = YES;
        GCC_C_LANGUAGE_STANDARD = gnu11;
        GCC_NO_COMMON_BLOCKS = YES;
        GCC_WARN_64_TO_32_BIT_CONVERSION = YES;
        GCC_WARN_ABOUT_RETURN_TYPE = YES_ERROR;
        GCC_WARN_UNDECLARED_SELECTOR = YES;
        GCC_WARN_UNINITIALIZED_AUTOS = YES_AGGRESSIVE;
        GCC_WARN_UNUSED_FUNCTION = YES;
        GCC_WARN_UNUSED_VARIABLE = YES;
        IPHONEOS_DEPLOYMENT_TARGET = 14.0;
        MTL_ENABLE_DEBUG_INFO = INCLUDE_SOURCE;
        MTL_FAST_MATH = YES;
        ONLY_ACTIVE_ARCH = YES;
        SDKROOT = iphoneos;
        SWIFT_ACTIVE_COMPILATION_CONDITIONS = DEBUG;
        SWIFT_OPTIMIZATION_LEVEL = "-Onone";
        SWIFT_VERSION = 5.0;
      };
      name = Debug;
    };
    AAAAAA1111111111000000D0 /* Release */ = {
      isa = XCBuildConfiguration;
      buildSettings = {
        ALWAYS_SEARCH_USER_PATHS = NO;
        CLANG_ANALYZER_NONNULL = YES;
        CLANG_CXX_LANGUAGE_STANDARD = "gnu++17";
        CLANG_ENABLE_MODULES = YES;
        CLANG_ENABLE_OBJC_ARC = YES;
        CLANG_WARN_BLOCK_CAPTURE_AUTORELEASING = YES;
        CLANG_WARN_BOOL_CONVERSION = YES;
        CLANG_WARN_COMMA = YES;
        CLANG_WARN_CONSTANT_CONVERSION = YES;
        CLANG_WARN_DEPRECATED_OBJC_IMPLEMENTATIONS = YES;
        CLANG_WARN_DIRECT_OBJC_ISA_USAGE = YES_ERROR;
        CLANG_WARN_EMPTY_BODY = YES;
        CLANG_WARN_ENUM_CONVERSION = YES;
        CLANG_WARN_INFINITE_RECURSION = YES;
        CLANG_WARN_INT_CONVERSION = YES;
        CLANG_WARN_NON_LITERAL_NULL_CONVERSION = YES;
        CLANG_WARN_OBJC_LITERAL_CONVERSION = YES;
        CLANG_WARN_OBJC_ROOT_CLASS = YES_ERROR;
        CLANG_WARN_RANGE_LOOP_ANALYSIS = YES;
        CLANG_WARN_STRICT_PROTOTYPES = YES;
        CLANG_WARN_SUSPICIOUS_MOVE = YES;
        CLANG_WARN_UNREACHABLE_CODE = YES;
        CLANG_WARN__DUPLICATE_METHOD_MATCH = YES;
        ENABLE_NS_ASSERTIONS = NO;
        ENABLE_STRICT_OBJC_MSGSEND = YES;
        GCC_C_LANGUAGE_STANDARD = gnu11;
        GCC_NO_COMMON_BLOCKS = YES;
        GCC_WARN_64_TO_32_BIT_CONVERSION = YES;
        GCC_WARN_ABOUT_RETURN_TYPE = YES_ERROR;
        GCC_WARN_UNDECLARED_SELECTOR = YES;
        GCC_WARN_UNINITIALIZED_AUTOS = YES_AGGRESSIVE;
        GCC_WARN_UNUSED_FUNCTION = YES;
        GCC_WARN_UNUSED_VARIABLE = YES;
        IPHONEOS_DEPLOYMENT_TARGET = 14.0;
        MTL_ENABLE_DEBUG_INFO = NO;
        MTL_FAST_MATH = YES;
        SDKROOT = iphoneos;
        SWIFT_COMPILATION_MODE = wholemodule;
        SWIFT_OPTIMIZATION_LEVEL = "-O";
        SWIFT_VERSION = 5.0;
        VALIDATE_PRODUCT = YES;
      };
      name = Release;
    };
    AAAAAA111111111100000100 /* Debug */ = {
      isa = XCBuildConfiguration;
      buildSettings = {
        ASSETCATALOG_COMPILER_APPICON_NAME = AppIcon;
        ASSETCATALOG_COMPILER_GLOBAL_ACCENT_COLOR_NAME = AccentColor;
        CODE_SIGN_STYLE = Automatic;
        CURRENT_PROJECT_VERSION = 1;
        DEVELOPMENT_TEAM = "";
        ENABLE_PREVIEWS = YES;
        GENERATE_INFOPLIST_FILE = NO;
        INFOPLIST_FILE = Info.plist;
        INFOPLIST_KEY_UIApplicationSceneManifest_Generation = YES;
        INFOPLIST_KEY_UIApplicationSupportsIndirectInputEvents = YES;
        INFOPLIST_KEY_UILaunchScreen_Generation = YES;
        INFOPLIST_KEY_UISupportedInterfaceOrientations_iPad = "UIInterfaceOrientationPortrait UIInterfaceOrientationPortraitUpsideDown UIInterfaceOrientationLandscapeLeft UIInterfaceOrientationLandscapeRight";
        INFOPLIST_KEY_UISupportedInterfaceOrientations_iPhone = "UIInterfaceOrientationPortrait UIInterfaceOrientationLandscapeLeft UIInterfaceOrientationLandscapeRight";
        IPHONEOS_DEPLOYMENT_TARGET = 14.0;
        LD_RUNPATH_SEARCH_PATHS = (
          "$(inherited)",
          "@executable_path/Frameworks",
        );
        MARKETING_VERSION = 1.0;
        PRODUCT_BUNDLE_IDENTIFIER = com.appnow.samples.iosapp;
        PRODUCT_NAME = "$(TARGET_NAME)";
        SDKROOT = iphoneos;
        SUPPORTED_PLATFORMS = "iphoneos iphonesimulator";
        SUPPORTS_MACCATALYST = NO;
        SUPPORTS_MAC_DESIGNED_FOR_IPHONE_IPAD = NO;
        SWIFT_EMIT_LOC_STRINGS = YES;
        SWIFT_VERSION = 5.0;
        TARGETED_DEVICE_FAMILY = "1,2";
      };
      name = Debug;
    };
    AAAAAA111111111100000101 /* Release */ = {
      isa = XCBuildConfiguration;
      buildSettings = {
        ASSETCATALOG_COMPILER_APPICON_NAME = AppIcon;
        ASSETCATALOG_COMPILER_GLOBAL_ACCENT_COLOR_NAME = AccentColor;
        CODE_SIGN_STYLE = Automatic;
        CURRENT_PROJECT_VERSION = 1;
        DEVELOPMENT_TEAM = "";
        ENABLE_PREVIEWS = YES;
        GENERATE_INFOPLIST_FILE = NO;
        INFOPLIST_FILE = Info.plist;
        INFOPLIST_KEY_UIApplicationSceneManifest_Generation = YES;
        INFOPLIST_KEY_UIApplicationSupportsIndirectInputEvents = YES;
        INFOPLIST_KEY_UILaunchScreen_Generation = YES;
        INFOPLIST_KEY_UISupportedInterfaceOrientations_iPad = "UIInterfaceOrientationPortrait UIInterfaceOrientationPortraitUpsideDown UIInterfaceOrientationLandscapeLeft UIInterfaceOrientationLandscapeRight";
        INFOPLIST_KEY_UISupportedInterfaceOrientations_iPhone = "UIInterfaceOrientationPortrait UIInterfaceOrientationLandscapeLeft UIInterfaceOrientationLandscapeRight";
        IPHONEOS_DEPLOYMENT_TARGET = 14.0;
        LD_RUNPATH_SEARCH_PATHS = (
          "$(inherited)",
          "@executable_path/Frameworks",
        );
        MARKETING_VERSION = 1.0;
        PRODUCT_BUNDLE_IDENTIFIER = com.appnow.samples.iosapp;
        PRODUCT_NAME = "$(TARGET_NAME)";
        SDKROOT = iphoneos;
        SUPPORTED_PLATFORMS = "iphoneos iphonesimulator";
        SUPPORTS_MACCATALYST = NO;
        SUPPORTS_MAC_DESIGNED_FOR_IPHONE_IPAD = NO;
        SWIFT_EMIT_LOC_STRINGS = YES;
        SWIFT_VERSION = 5.0;
        TARGETED_DEVICE_FAMILY = "1,2";
      };
      name = Release;
    };
/* End XCBuildConfiguration section */

/* Begin XCConfigurationList section */
    AAAAAA1111111111000000E0 /* Build configuration list for PBXProject "SamplesIOSApp" */ = {
      isa = XCConfigurationList;
      buildConfigurations = (
        AAAAAA1111111111000000C0 /* Debug */,
        AAAAAA1111111111000000D0 /* Release */,
      );
      defaultConfigurationIsVisible = 0;
      defaultConfigurationName = Debug;
    };
    AAAAAA1111111111000000F0 /* Build configuration list for PBXNativeTarget "SamplesIOSApp" */ = {
      isa = XCConfigurationList;
      buildConfigurations = (
        AAAAAA111111111100000100 /* Debug */,
        AAAAAA111111111100000101 /* Release */,
      );
      defaultConfigurationIsVisible = 0;
      defaultConfigurationName = Debug;
    };
/* End XCConfigurationList section */

  };
  rootObject = AAAAAA1111111111000000B0 /* Project object */;
}

